
Microsoft Visual Studio Solution File, Format Version 12.00
# Visual Studio Version 16
VisualStudioVersion = 25.0.1700.0
MinimumVisualStudioVersion = 10.0.40219.1
Project("{FAE04EC0-301F-11D3-BF4B-00C04F79EFBC}") = "Classes", "Classes.csproj", "{10E62444-5E5D-4A80-9ED8-1F5E1E70800A}"
EndProject
Global
	GlobalSection(SolutionConfigurationPlatforms) = preSolution
		Debug|Any CPU = Debug|Any CPU
		Release|Any CPU = Release|Any CPU
	EndGlobalSection
	GlobalSection(ProjectConfigurationPlatforms) = postSolution
		{10E62444-5E5D-4A80-9ED8-1F5E1E70800A}.Debug|Any CPU.ActiveCfg = Debug|Any CPU
		{10E62444-5E5D-4A80-9ED8-1F5E1E70800A}.Debug|Any CPU.Build.0 = Debug|Any CPU
		{10E62444-5E5D-4A80-9ED8-1F5E1E70800A}.Release|Any CPU.ActiveCfg = Release|Any CPU
		{10E62444-5E5D-4A80-9ED8-1F5E1E70800A}.Release|Any CPU.Build.0 = Release|Any CPU
	EndGlobalSection
	GlobalSection(SolutionProperties) = preSolution
		HideSolutionNode = FALSE
	EndGlobalSection
	GlobalSection(ExtensibilityGlobals) = postSolution
		SolutionGuid = {8BC60E44-F3A1-43B8-8132-D78B778E15B7}
	EndGlobalSection
EndGlobal
